
Microsoft Visual Studio Solution File, Format Version 12.00
# Visual Studio Version 17
VisualStudioVersion = 17.13.35806.99 d17.13
MinimumVisualStudioVersion = 10.0.40219.1
Project("{2150E333-8FDC-42A3-9474-1A3956D46DE8}") = "Identity", "Identity", "{02EA681E-C7D8-13C7-8484-4AC65E1B71E8}"
EndProject
Project("{2150E333-8FDC-42A3-9474-1A3956D46DE8}") = "Feedback", "Feedback", "{D1F40BA6-61CC-4DBD-B070-0C4220C21EFE}"
EndProject
Project("{2150E333-8FDC-42A3-9474-1A3956D46DE8}") = "Module", "Module", "{8E570CF6-427E-474A-ADD9-B71D69623715}"
EndProject
Project("{2150E333-8FDC-42A3-9474-1A3956D46DE8}") = "Common", "Common", "{1824DEF2-28EA-4BDB-A330-42D8588E6384}"
EndProject
Project("{FAE04EC0-301F-11D3-BF4B-00C04F79EFBC}") = "DevimaFeedbackSystem.Common", "DevimaFeedbackSystem.Common\DevimaFeedbackSystem.Common.csproj", "{01A8960D-D468-403C-98E3-37C15BD49F54}"
EndProject
Project("{FAE04EC0-301F-11D3-BF4B-00C04F79EFBC}") = "Feedback.API", "Feedback\Feedback.API\Feedback.API.csproj", "{D6197AB2-6FBD-4CD9-B5EC-8CF9732BDF7F}"
EndProject
Global
	GlobalSection(SolutionConfigurationPlatforms) = preSolution
		Debug|Any CPU = Debug|Any CPU
		Release|Any CPU = Release|Any CPU
	EndGlobalSection
	GlobalSection(ProjectConfigurationPlatforms) = postSolution
		{01A8960D-D468-403C-98E3-37C15BD49F54}.Debug|Any CPU.ActiveCfg = Debug|Any CPU
		{01A8960D-D468-403C-98E3-37C15BD49F54}.Debug|Any CPU.Build.0 = Debug|Any CPU
		{01A8960D-D468-403C-98E3-37C15BD49F54}.Release|Any CPU.ActiveCfg = Release|Any CPU
		{01A8960D-D468-403C-98E3-37C15BD49F54}.Release|Any CPU.Build.0 = Release|Any CPU
		{D6197AB2-6FBD-4CD9-B5EC-8CF9732BDF7F}.Debug|Any CPU.ActiveCfg = Debug|Any CPU
		{D6197AB2-6FBD-4CD9-B5EC-8CF9732BDF7F}.Debug|Any CPU.Build.0 = Debug|Any CPU
		{D6197AB2-6FBD-4CD9-B5EC-8CF9732BDF7F}.Release|Any CPU.ActiveCfg = Release|Any CPU
		{D6197AB2-6FBD-4CD9-B5EC-8CF9732BDF7F}.Release|Any CPU.Build.0 = Release|Any CPU
	EndGlobalSection
	GlobalSection(SolutionProperties) = preSolution
		HideSolutionNode = FALSE
	EndGlobalSection
	GlobalSection(NestedProjects) = preSolution
		{01A8960D-D468-403C-98E3-37C15BD49F54} = {1824DEF2-28EA-4BDB-A330-42D8588E6384}
		{D6197AB2-6FBD-4CD9-B5EC-8CF9732BDF7F} = {D1F40BA6-61CC-4DBD-B070-0C4220C21EFE}
	EndGlobalSection
	GlobalSection(ExtensibilityGlobals) = postSolution
		SolutionGuid = {9D3D423D-9F7A-4D71-BDFF-E602F9216DFB}
	EndGlobalSection
EndGlobal
